
Microsoft Visual Studio Solution File, Format Version 12.00
# Visual Studio 15
VisualStudioVersion = 15.0.27703.2035
MinimumVisualStudioVersion = 10.0.40219.1
Project("{FAE04EC0-301F-11D3-BF4B-00C04F79EFBC}") = "azFlashCards.Web", "azFlashCards.Web\azFlashCards.Web.csproj", "{7AB669D5-AAA4-4CDD-A0A3-5706AB4E9D8B}"
EndProject
Global
	GlobalSection(SolutionConfigurationPlatforms) = preSolution
		Debug|Any CPU = Debug|Any CPU
		Release|Any CPU = Release|Any CPU
	EndGlobalSection
	GlobalSection(ProjectConfigurationPlatforms) = postSolution
		{7AB669D5-AAA4-4CDD-A0A3-5706AB4E9D8B}.Debug|Any CPU.ActiveCfg = Debug|Any CPU
		{7AB669D5-AAA4-4CDD-A0A3-5706AB4E9D8B}.Debug|Any CPU.Build.0 = Debug|Any CPU
		{7AB669D5-AAA4-4CDD-A0A3-5706AB4E9D8B}.Release|Any CPU.ActiveCfg = Release|Any CPU
		{7AB669D5-AAA4-4CDD-A0A3-5706AB4E9D8B}.Release|Any CPU.Build.0 = Release|Any CPU
	EndGlobalSection
	GlobalSection(SolutionProperties) = preSolution
		HideSolutionNode = FALSE
	EndGlobalSection
	GlobalSection(ExtensibilityGlobals) = postSolution
		SolutionGuid = {2B387263-3006-4593-8870-0F195293AE40}
	EndGlobalSection
EndGlobal
